
Microsoft Visual Studio Solution File, Format Version 12.00
# Visual Studio Version 17
VisualStudioVersion = 17.0.31903.59
MinimumVisualStudioVersion = 10.0.40219.1
Project("{2150E333-8FDC-42A3-9474-1A3956D46DE8}") = "src", "src", "{827E0CD3-B72D-47B6-A68D-7590B98EB39B}"
EndProject
Project("{FAE04EC0-301F-11D3-BF4B-00C04F79EFBC}") = "GrantPortal.Api", "src\GrantPortal.Api\GrantPortal.Api.csproj", "{553627E7-3F05-4FEE-BC11-C27C4C883E2E}"
EndProject
Project("{FAE04EC0-301F-11D3-BF4B-00C04F79EFBC}") = "GrantPortal.Application", "src\GrantPortal.Application\GrantPortal.Application.csproj", "{910CD5F2-DF06-4AB7-BF02-7F6F14DC1418}"
EndProject
Project("{FAE04EC0-301F-11D3-BF4B-00C04F79EFBC}") = "GrantPortal.Domain", "src\GrantPortal.Domain\GrantPortal.Domain.csproj", "{071111D2-F1F8-43B2-B02A-7CA74B684A7B}"
EndProject
Project("{FAE04EC0-301F-11D3-BF4B-00C04F79EFBC}") = "GrantPortal.Infrastructure", "src\GrantPortal.Infrastructure\GrantPortal.Infrastructure.csproj", "{DDE04B2B-B32F-440A-92A9-61A9E7B3717C}"
EndProject
Project("{FAE04EC0-301F-11D3-BF4B-00C04F79EFBC}") = "GrantPortal.Persistence", "src\GrantPortal.Persistence\GrantPortal.Persistence.csproj", "{7987FEE2-EACE-4321-9629-B97E5D54833A}"
EndProject
Project("{FAE04EC0-301F-11D3-BF4B-00C04F79EFBC}") = "GrantPortal.Contracts", "src\GrantPortal.Contracts\GrantPortal.Contracts.csproj", "{BB108E96-701F-45A5-9567-C0C1F527F112}"
EndProject
Project("{FAE04EC0-301F-11D3-BF4B-00C04F79EFBC}") = "GrantPortal.Shared", "src\GrantPortal.Shared\GrantPortal.Shared.csproj", "{CA1E744F-718E-4A57-AB20-96A2D58D7C76}"
EndProject
Project("{FAE04EC0-301F-11D3-BF4B-00C04F79EFBC}") = "GrantPortal.Api.Tests", "tests\GrantPortal.Api.Tests\GrantPortal.Api.Tests.csproj", "{31A0EC09-BD12-4199-A857-E9D1BC7A6C67}"
EndProject
Project("{FAE04EC0-301F-11D3-BF4B-00C04F79EFBC}") = "GrantPortal.Application.Tests", "tests\GrantPortal.Application.Tests\GrantPortal.Application.Tests.csproj", "{AD26541A-B963-46FE-BAFF-4E56ED8A249D}"
EndProject
Project("{FAE04EC0-301F-11D3-BF4B-00C04F79EFBC}") = "GrantPortal.Domain.Tests", "tests\GrantPortal.Domain.Tests\GrantPortal.Domain.Tests.csproj", "{21CCF498-5E43-4E3D-A7AC-8E909AF797D3}"
EndProject
Project("{FAE04EC0-301F-11D3-BF4B-00C04F79EFBC}") = "GrantPortal.Infrastructure.Tests", "tests\GrantPortal.Infrastructure.Tests\GrantPortal.Infrastructure.Tests.csproj", "{1BD86507-4B0C-4ED5-A7BC-79F8539E26C9}"
EndProject
Project("{FAE04EC0-301F-11D3-BF4B-00C04F79EFBC}") = "GrantPortal.Persistence.Tests", "tests\GrantPortal.Persistence.Tests\GrantPortal.Persistence.Tests.csproj", "{589AF93A-A055-452E-A1AC-D0F65580013A}"
EndProject
Project("{FAE04EC0-301F-11D3-BF4B-00C04F79EFBC}") = "GrantPortal.IntegrationTests", "tests\GrantPortal.IntegrationTests\GrantPortal.IntegrationTests.csproj", "{1BE933BA-E7F2-4DAD-AA6E-CCAC5B52344B}"
EndProject
Global
	GlobalSection(SolutionConfigurationPlatforms) = preSolution
		Debug|Any CPU = Debug|Any CPU
		Debug|x64 = Debug|x64
		Debug|x86 = Debug|x86
		Release|Any CPU = Release|Any CPU
		Release|x64 = Release|x64
		Release|x86 = Release|x86
	EndGlobalSection
	GlobalSection(ProjectConfigurationPlatforms) = postSolution
		{553627E7-3F05-4FEE-BC11-C27C4C883E2E}.Debug|Any CPU.ActiveCfg = Debug|Any CPU
		{553627E7-3F05-4FEE-BC11-C27C4C883E2E}.Debug|Any CPU.Build.0 = Debug|Any CPU
		{553627E7-3F05-4FEE-BC11-C27C4C883E2E}.Debug|x64.ActiveCfg = Debug|Any CPU
		{553627E7-3F05-4FEE-BC11-C27C4C883E2E}.Debug|x64.Build.0 = Debug|Any CPU
		{553627E7-3F05-4FEE-BC11-C27C4C883E2E}.Debug|x86.ActiveCfg = Debug|Any CPU
		{553627E7-3F05-4FEE-BC11-C27C4C883E2E}.Debug|x86.Build.0 = Debug|Any CPU
		{553627E7-3F05-4FEE-BC11-C27C4C883E2E}.Release|Any CPU.ActiveCfg = Release|Any CPU
		{553627E7-3F05-4FEE-BC11-C27C4C883E2E}.Release|Any CPU.Build.0 = Release|Any CPU
		{553627E7-3F05-4FEE-BC11-C27C4C883E2E}.Release|x64.ActiveCfg = Release|Any CPU
		{553627E7-3F05-4FEE-BC11-C27C4C883E2E}.Release|x64.Build.0 = Release|Any CPU
		{553627E7-3F05-4FEE-BC11-C27C4C883E2E}.Release|x86.ActiveCfg = Release|Any CPU
		{553627E7-3F05-4FEE-BC11-C27C4C883E2E}.Release|x86.Build.0 = Release|Any CPU
		{910CD5F2-DF06-4AB7-BF02-7F6F14DC1418}.Debug|Any CPU.ActiveCfg = Debug|Any CPU
		{910CD5F2-DF06-4AB7-BF02-7F6F14DC1418}.Debug|Any CPU.Build.0 = Debug|Any CPU
		{910CD5F2-DF06-4AB7-BF02-7F6F14DC1418}.Debug|x64.ActiveCfg = Debug|Any CPU
		{910CD5F2-DF06-4AB7-BF02-7F6F14DC1418}.Debug|x64.Build.0 = Debug|Any CPU
		{910CD5F2-DF06-4AB7-BF02-7F6F14DC1418}.Debug|x86.ActiveCfg = Debug|Any CPU
		{910CD5F2-DF06-4AB7-BF02-7F6F14DC1418}.Debug|x86.Build.0 = Debug|Any CPU
		{910CD5F2-DF06-4AB7-BF02-7F6F14DC1418}.Release|Any CPU.ActiveCfg = Release|Any CPU
		{910CD5F2-DF06-4AB7-BF02-7F6F14DC1418}.Release|Any CPU.Build.0 = Release|Any CPU
		{910CD5F2-DF06-4AB7-BF02-7F6F14DC1418}.Release|x64.ActiveCfg = Release|Any CPU
		{910CD5F2-DF06-4AB7-BF02-7F6F14DC1418}.Release|x64.Build.0 = Release|Any CPU
		{910CD5F2-DF06-4AB7-BF02-7F6F14DC1418}.Release|x86.ActiveCfg = Release|Any CPU
		{910CD5F2-DF06-4AB7-BF02-7F6F14DC1418}.Release|x86.Build.0 = Release|Any CPU
		{071111D2-F1F8-43B2-B02A-7CA74B684A7B}.Debug|Any CPU.ActiveCfg = Debug|Any CPU
		{071111D2-F1F8-43B2-B02A-7CA74B684A7B}.Debug|Any CPU.Build.0 = Debug|Any CPU
		{071111D2-F1F8-43B2-B02A-7CA74B684A7B}.Debug|x64.ActiveCfg = Debug|Any CPU
		{071111D2-F1F8-43B2-B02A-7CA74B684A7B}.Debug|x64.Build.0 = Debug|Any CPU
		{071111D2-F1F8-43B2-B02A-7CA74B684A7B}.Debug|x86.ActiveCfg = Debug|Any CPU
		{071111D2-F1F8-43B2-B02A-7CA74B684A7B}.Debug|x86.Build.0 = Debug|Any CPU
		{071111D2-F1F8-43B2-B02A-7CA74B684A7B}.Release|Any CPU.ActiveCfg = Release|Any CPU
		{071111D2-F1F8-43B2-B02A-7CA74B684A7B}.Release|Any CPU.Build.0 = Release|Any CPU
		{071111D2-F1F8-43B2-B02A-7CA74B684A7B}.Release|x64.ActiveCfg = Release|Any CPU
		{071111D2-F1F8-43B2-B02A-7CA74B684A7B}.Release|x64.Build.0 = Release|Any CPU
		{071111D2-F1F8-43B2-B02A-7CA74B684A7B}.Release|x86.ActiveCfg = Release|Any CPU
		{071111D2-F1F8-43B2-B02A-7CA74B684A7B}.Release|x86.Build.0 = Release|Any CPU
		{DDE04B2B-B32F-440A-92A9-61A9E7B3717C}.Debug|Any CPU.ActiveCfg = Debug|Any CPU
		{DDE04B2B-B32F-440A-92A9-61A9E7B3717C}.Debug|Any CPU.Build.0 = Debug|Any CPU
		{DDE04B2B-B32F-440A-92A9-61A9E7B3717C}.Debug|x64.ActiveCfg = Debug|Any CPU
		{DDE04B2B-B32F-440A-92A9-61A9E7B3717C}.Debug|x64.Build.0 = Debug|Any CPU
		{DDE04B2B-B32F-440A-92A9-61A9E7B3717C}.Debug|x86.ActiveCfg = Debug|Any CPU
		{DDE04B2B-B32F-440A-92A9-61A9E7B3717C}.Debug|x86.Build.0 = Debug|Any CPU
		{DDE04B2B-B32F-440A-92A9-61A9E7B3717C}.Release|Any CPU.ActiveCfg = Release|Any CPU
		{DDE04B2B-B32F-440A-92A9-61A9E7B3717C}.Release|Any CPU.Build.0 = Release|Any CPU
		{DDE04B2B-B32F-440A-92A9-61A9E7B3717C}.Release|x64.ActiveCfg = Release|Any CPU
		{DDE04B2B-B32F-440A-92A9-61A9E7B3717C}.Release|x64.Build.0 = Release|Any CPU
		{DDE04B2B-B32F-440A-92A9-61A9E7B3717C}.Release|x86.ActiveCfg = Release|Any CPU
		{DDE04B2B-B32F-440A-92A9-61A9E7B3717C}.Release|x86.Build.0 = Release|Any CPU
		{7987FEE2-EACE-4321-9629-B97E5D54833A}.Debug|Any CPU.ActiveCfg = Debug|Any CPU
		{7987FEE2-EACE-4321-9629-B97E5D54833A}.Debug|Any CPU.Build.0 = Debug|Any CPU
		{7987FEE2-EACE-4321-9629-B97E5D54833A}.Debug|x64.ActiveCfg = Debug|Any CPU
		{7987FEE2-EACE-4321-9629-B97E5D54833A}.Debug|x64.Build.0 = Debug|Any CPU
		{7987FEE2-EACE-4321-9629-B97E5D54833A}.Debug|x86.ActiveCfg = Debug|Any CPU
		{7987FEE2-EACE-4321-9629-B97E5D54833A}.Debug|x86.Build.0 = Debug|Any CPU
		{7987FEE2-EACE-4321-9629-B97E5D54833A}.Release|Any CPU.ActiveCfg = Release|Any CPU
		{7987FEE2-EACE-4321-9629-B97E5D54833A}.Release|Any CPU.Build.0 = Release|Any CPU
		{7987FEE2-EACE-4321-9629-B97E5D54833A}.Release|x64.ActiveCfg = Release|Any CPU
		{7987FEE2-EACE-4321-9629-B97E5D54833A}.Release|x64.Build.0 = Release|Any CPU
		{7987FEE2-EACE-4321-9629-B97E5D54833A}.Release|x86.ActiveCfg = Release|Any CPU
		{7987FEE2-EACE-4321-9629-B97E5D54833A}.Release|x86.Build.0 = Release|Any CPU
		{BB108E96-701F-45A5-9567-C0C1F527F112}.Debug|Any CPU.ActiveCfg = Debug|Any CPU
		{BB108E96-701F-45A5-9567-C0C1F527F112}.Debug|Any CPU.Build.0 = Debug|Any CPU
		{BB108E96-701F-45A5-9567-C0C1F527F112}.Debug|x64.ActiveCfg = Debug|Any CPU
		{BB108E96-701F-45A5-9567-C0C1F527F112}.Debug|x64.Build.0 = Debug|Any CPU
		{BB108E96-701F-45A5-9567-C0C1F527F112}.Debug|x86.ActiveCfg = Debug|Any CPU
		{BB108E96-701F-45A5-9567-C0C1F527F112}.Debug|x86.Build.0 = Debug|Any CPU
		{BB108E96-701F-45A5-9567-C0C1F527F112}.Release|Any CPU.ActiveCfg = Release|Any CPU
		{BB108E96-701F-45A5-9567-C0C1F527F112}.Release|Any CPU.Build.0 = Release|Any CPU
		{BB108E96-701F-45A5-9567-C0C1F527F112}.Release|x64.ActiveCfg = Release|Any CPU
		{BB108E96-701F-45A5-9567-C0C1F527F112}.Release|x64.Build.0 = Release|Any CPU
		{BB108E96-701F-45A5-9567-C0C1F527F112}.Release|x86.ActiveCfg = Release|Any CPU
		{BB108E96-701F-45A5-9567-C0C1F527F112}.Release|x86.Build.0 = Release|Any CPU
		{CA1E744F-718E-4A57-AB20-96A2D58D7C76}.Debug|Any CPU.ActiveCfg = Debug|Any CPU
		{CA1E744F-718E-4A57-AB20-96A2D58D7C76}.Debug|Any CPU.Build.0 = Debug|Any CPU
		{CA1E744F-718E-4A57-AB20-96A2D58D7C76}.Debug|x64.ActiveCfg = Debug|Any CPU
		{CA1E744F-718E-4A57-AB20-96A2D58D7C76}.Debug|x64.Build.0 = Debug|Any CPU
		{CA1E744F-718E-4A57-AB20-96A2D58D7C76}.Debug|x86.ActiveCfg = Debug|Any CPU
		{CA1E744F-718E-4A57-AB20-96A2D58D7C76}.Debug|x86.Build.0 = Debug|Any CPU
		{CA1E744F-718E-4A57-AB20-96A2D58D7C76}.Release|Any CPU.ActiveCfg = Release|Any CPU
		{CA1E744F-718E-4A57-AB20-96A2D58D7C76}.Release|Any CPU.Build.0 = Release|Any CPU
		{CA1E744F-718E-4A57-AB20-96A2D58D7C76}.Release|x64.ActiveCfg = Release|Any CPU
		{CA1E744F-718E-4A57-AB20-96A2D58D7C76}.Release|x64.Build.0 = Release|Any CPU
		{CA1E744F-718E-4A57-AB20-96A2D58D7C76}.Release|x86.ActiveCfg = Release|Any CPU
		{CA1E744F-718E-4A57-AB20-96A2D58D7C76}.Release|x86.Build.0 = Release|Any CPU
		{31A0EC09-BD12-4199-A857-E9D1BC7A6C67}.Debug|Any CPU.ActiveCfg = Debug|Any CPU
		{31A0EC09-BD12-4199-A857-E9D1BC7A6C67}.Debug|Any CPU.Build.0 = Debug|Any CPU
		{31A0EC09-BD12-4199-A857-E9D1BC7A6C67}.Debug|x64.ActiveCfg = Debug|Any CPU
		{31A0EC09-BD12-4199-A857-E9D1BC7A6C67}.Debug|x64.Build.0 = Debug|Any CPU
		{31A0EC09-BD12-4199-A857-E9D1BC7A6C67}.Debug|x86.ActiveCfg = Debug|Any CPU
		{31A0EC09-BD12-4199-A857-E9D1BC7A6C67}.Debug|x86.Build.0 = Debug|Any CPU
		{31A0EC09-BD12-4199-A857-E9D1BC7A6C67}.Release|Any CPU.ActiveCfg = Release|Any CPU
		{31A0EC09-BD12-4199-A857-E9D1BC7A6C67}.Release|Any CPU.Build.0 = Release|Any CPU
		{31A0EC09-BD12-4199-A857-E9D1BC7A6C67}.Release|x64.ActiveCfg = Release|Any CPU
		{31A0EC09-BD12-4199-A857-E9D1BC7A6C67}.Release|x64.Build.0 = Release|Any CPU
		{31A0EC09-BD12-4199-A857-E9D1BC7A6C67}.Release|x86.ActiveCfg = Release|Any CPU
		{31A0EC09-BD12-4199-A857-E9D1BC7A6C67}.Release|x86.Build.0 = Release|Any CPU
		{AD26541A-B963-46FE-BAFF-4E56ED8A249D}.Debug|Any CPU.ActiveCfg = Debug|Any CPU
		{AD26541A-B963-46FE-BAFF-4E56ED8A249D}.Debug|Any CPU.Build.0 = Debug|Any CPU
		{AD26541A-B963-46FE-BAFF-4E56ED8A249D}.Debug|x64.ActiveCfg = Debug|Any CPU
		{AD26541A-B963-46FE-BAFF-4E56ED8A249D}.Debug|x64.Build.0 = Debug|Any CPU
		{AD26541A-B963-46FE-BAFF-4E56ED8A249D}.Debug|x86.ActiveCfg = Debug|Any CPU
		{AD26541A-B963-46FE-BAFF-4E56ED8A249D}.Debug|x86.Build.0 = Debug|Any CPU
		{AD26541A-B963-46FE-BAFF-4E56ED8A249D}.Release|Any CPU.ActiveCfg = Release|Any CPU
		{AD26541A-B963-46FE-BAFF-4E56ED8A249D}.Release|Any CPU.Build.0 = Release|Any CPU
		{AD26541A-B963-46FE-BAFF-4E56ED8A249D}.Release|x64.ActiveCfg = Release|Any CPU
		{AD26541A-B963-46FE-BAFF-4E56ED8A249D}.Release|x64.Build.0 = Release|Any CPU
		{AD26541A-B963-46FE-BAFF-4E56ED8A249D}.Release|x86.ActiveCfg = Release|Any CPU
		{AD26541A-B963-46FE-BAFF-4E56ED8A249D}.Release|x86.Build.0 = Release|Any CPU
		{21CCF498-5E43-4E3D-A7AC-8E909AF797D3}.Debug|Any CPU.ActiveCfg = Debug|Any CPU
		{21CCF498-5E43-4E3D-A7AC-8E909AF797D3}.Debug|Any CPU.Build.0 = Debug|Any CPU
		{21CCF498-5E43-4E3D-A7AC-8E909AF797D3}.Debug|x64.ActiveCfg = Debug|Any CPU
		{21CCF498-5E43-4E3D-A7AC-8E909AF797D3}.Debug|x64.Build.0 = Debug|Any CPU
		{21CCF498-5E43-4E3D-A7AC-8E909AF797D3}.Debug|x86.ActiveCfg = Debug|Any CPU
		{21CCF498-5E43-4E3D-A7AC-8E909AF797D3}.Debug|x86.Build.0 = Debug|Any CPU
		{21CCF498-5E43-4E3D-A7AC-8E909AF797D3}.Release|Any CPU.ActiveCfg = Release|Any CPU
		{21CCF498-5E43-4E3D-A7AC-8E909AF797D3}.Release|Any CPU.Build.0 = Release|Any CPU
		{21CCF498-5E43-4E3D-A7AC-8E909AF797D3}.Release|x64.ActiveCfg = Release|Any CPU
		{21CCF498-5E43-4E3D-A7AC-8E909AF797D3}.Release|x64.Build.0 = Release|Any CPU
		{21CCF498-5E43-4E3D-A7AC-8E909AF797D3}.Release|x86.ActiveCfg = Release|Any CPU
		{21CCF498-5E43-4E3D-A7AC-8E909AF797D3}.Release|x86.Build.0 = Release|Any CPU
		{1BD86507-4B0C-4ED5-A7BC-79F8539E26C9}.Debug|Any CPU.ActiveCfg = Debug|Any CPU
		{1BD86507-4B0C-4ED5-A7BC-79F8539E26C9}.Debug|Any CPU.Build.0 = Debug|Any CPU
		{1BD86507-4B0C-4ED5-A7BC-79F8539E26C9}.Debug|x64.ActiveCfg = Debug|Any CPU
		{1BD86507-4B0C-4ED5-A7BC-79F8539E26C9}.Debug|x64.Build.0 = Debug|Any CPU
		{1BD86507-4B0C-4ED5-A7BC-79F8539E26C9}.Debug|x86.ActiveCfg = Debug|Any CPU
		{1BD86507-4B0C-4ED5-A7BC-79F8539E26C9}.Debug|x86.Build.0 = Debug|Any CPU
		{1BD86507-4B0C-4ED5-A7BC-79F8539E26C9}.Release|Any CPU.ActiveCfg = Release|Any CPU
		{1BD86507-4B0C-4ED5-A7BC-79F8539E26C9}.Release|Any CPU.Build.0 = Release|Any CPU
		{1BD86507-4B0C-4ED5-A7BC-79F8539E26C9}.Release|x64.ActiveCfg = Release|Any CPU
		{1BD86507-4B0C-4ED5-A7BC-79F8539E26C9}.Release|x64.Build.0 = Release|Any CPU
		{1BD86507-4B0C-4ED5-A7BC-79F8539E26C9}.Release|x86.ActiveCfg = Release|Any CPU
		{1BD86507-4B0C-4ED5-A7BC-79F8539E26C9}.Release|x86.Build.0 = Release|Any CPU
		{589AF93A-A055-452E-A1AC-D0F65580013A}.Debug|Any CPU.ActiveCfg = Debug|Any CPU
		{589AF93A-A055-452E-A1AC-D0F65580013A}.Debug|Any CPU.Build.0 = Debug|Any CPU
		{589AF93A-A055-452E-A1AC-D0F65580013A}.Debug|x64.ActiveCfg = Debug|Any CPU
		{589AF93A-A055-452E-A1AC-D0F65580013A}.Debug|x64.Build.0 = Debug|Any CPU
		{589AF93A-A055-452E-A1AC-D0F65580013A}.Debug|x86.ActiveCfg = Debug|Any CPU
		{589AF93A-A055-452E-A1AC-D0F65580013A}.Debug|x86.Build.0 = Debug|Any CPU
		{589AF93A-A055-452E-A1AC-D0F65580013A}.Release|Any CPU.ActiveCfg = Release|Any CPU
		{589AF93A-A055-452E-A1AC-D0F65580013A}.Release|Any CPU.Build.0 = Release|Any CPU
		{589AF93A-A055-452E-A1AC-D0F65580013A}.Release|x64.ActiveCfg = Release|Any CPU
		{589AF93A-A055-452E-A1AC-D0F65580013A}.Release|x64.Build.0 = Release|Any CPU
		{589AF93A-A055-452E-A1AC-D0F65580013A}.Release|x86.ActiveCfg = Release|Any CPU
		{589AF93A-A055-452E-A1AC-D0F65580013A}.Release|x86.Build.0 = Release|Any CPU
		{1BE933BA-E7F2-4DAD-AA6E-CCAC5B52344B}.Debug|Any CPU.ActiveCfg = Debug|Any CPU
		{1BE933BA-E7F2-4DAD-AA6E-CCAC5B52344B}.Debug|Any CPU.Build.0 = Debug|Any CPU
		{1BE933BA-E7F2-4DAD-AA6E-CCAC5B52344B}.Debug|x64.ActiveCfg = Debug|Any CPU
		{1BE933BA-E7F2-4DAD-AA6E-CCAC5B52344B}.Debug|x64.Build.0 = Debug|Any CPU
		{1BE933BA-E7F2-4DAD-AA6E-CCAC5B52344B}.Debug|x86.ActiveCfg = Debug|Any CPU
		{1BE933BA-E7F2-4DAD-AA6E-CCAC5B52344B}.Debug|x86.Build.0 = Debug|Any CPU
		{1BE933BA-E7F2-4DAD-AA6E-CCAC5B52344B}.Release|Any CPU.ActiveCfg = Release|Any CPU
		{1BE933BA-E7F2-4DAD-AA6E-CCAC5B52344B}.Release|Any CPU.Build.0 = Release|Any CPU
		{1BE933BA-E7F2-4DAD-AA6E-CCAC5B52344B}.Release|x64.ActiveCfg = Release|Any CPU
		{1BE933BA-E7F2-4DAD-AA6E-CCAC5B52344B}.Release|x64.Build.0 = Release|Any CPU
		{1BE933BA-E7F2-4DAD-AA6E-CCAC5B52344B}.Release|x86.ActiveCfg = Release|Any CPU
		{1BE933BA-E7F2-4DAD-AA6E-CCAC5B52344B}.Release|x86.Build.0 = Release|Any CPU
	EndGlobalSection
	GlobalSection(SolutionProperties) = preSolution
		HideSolutionNode = FALSE
	EndGlobalSection
	GlobalSection(NestedProjects) = preSolution
		{553627E7-3F05-4FEE-BC11-C27C4C883E2E} = {827E0CD3-B72D-47B6-A68D-7590B98EB39B}
		{910CD5F2-DF06-4AB7-BF02-7F6F14DC1418} = {827E0CD3-B72D-47B6-A68D-7590B98EB39B}
		{071111D2-F1F8-43B2-B02A-7CA74B684A7B} = {827E0CD3-B72D-47B6-A68D-7590B98EB39B}
		{DDE04B2B-B32F-440A-92A9-61A9E7B3717C} = {827E0CD3-B72D-47B6-A68D-7590B98EB39B}
		{7987FEE2-EACE-4321-9629-B97E5D54833A} = {827E0CD3-B72D-47B6-A68D-7590B98EB39B}
		{BB108E96-701F-45A5-9567-C0C1F527F112} = {827E0CD3-B72D-47B6-A68D-7590B98EB39B}
		{CA1E744F-718E-4A57-AB20-96A2D58D7C76} = {827E0CD3-B72D-47B6-A68D-7590B98EB39B}
		{31A0EC09-BD12-4199-A857-E9D1BC7A6C67} = {827E0CD3-B72D-47B6-A68D-7590B98EB39B}
		{AD26541A-B963-46FE-BAFF-4E56ED8A249D} = {827E0CD3-B72D-47B6-A68D-7590B98EB39B}
		{21CCF498-5E43-4E3D-A7AC-8E909AF797D3} = {827E0CD3-B72D-47B6-A68D-7590B98EB39B}
		{1BD86507-4B0C-4ED5-A7BC-79F8539E26C9} = {827E0CD3-B72D-47B6-A68D-7590B98EB39B}
		{589AF93A-A055-452E-A1AC-D0F65580013A} = {827E0CD3-B72D-47B6-A68D-7590B98EB39B}
		{1BE933BA-E7F2-4DAD-AA6E-CCAC5B52344B} = {827E0CD3-B72D-47B6-A68D-7590B98EB39B}
	EndGlobalSection
EndGlobal
